version = 1
revision = 3
requires-python = ">=3.9"

[options]
exclude-newer = "2024-08-08T00:00:00Z"

[manifest]
members = [
    "benchmark-bird-feeder",
    "benchmark-seeds",
]

[[package]]
name = "benchmark-bird-feeder"
version = "0.1.0"
source = { virtual = "packages/bird-feeder" }
dependencies = [
    { name = "benchmark-seeds" },
    { name = "packaging" },
]

[package.metadata]
requires-dist = [
    { name = "benchmark-seeds", editable = "packages/seeds" },
    { name = "packaging", specifier = "==24.1" },
]

[[package]]
name = "benchmark-seeds"
version = "0.1.0"
source = { editable = "packages/seeds" }
dependencies = [
    { name = "idna" },
]

[package.metadata]
requires-dist = [{ name = "idna", specifier = "==3.7" }]

[[package]]
name = "idna"
version = "3.7"
source = { registry = "https://pypi.org/simple" }
sdist = { url = "https://files.pythonhosted.org/packages/21/ed/f86a79a07470cb07819390452f178b3bef1d375f2ec021ecfc709fc7cf07/idna-3.7.tar.gz", hash = "sha256:028ff3aadf0609c1fd278d8ea3089299412a7a8b9bd005dd08b9f8285bcb5cfc", size = 189575, upload-time = "2024-04-11T03:34:43.276Z" }
wheels = [
    { url = "https://files.pythonhosted.org/packages/e5/3e/741d8c82801c347547f8a2a06aa57dbb1992be9e948df2ea0eda2c8b79e8/idna-3.7-py3-none-any.whl", hash = "sha256:82fee1fc78add43492d3a1898bfa6d8a904cc97d8427f683ed8e798d07761aa0", size = 66836, upload-time = "2024-04-11T03:34:41.447Z" },
]

[[package]]
name = "packaging"
version = "24.1"
source = { registry = "https://pypi.org/simple" }
sdist = { url = "https://files.pythonhosted.org/packages/51/65/50db4dda066951078f0a96cf12f4b9ada6e4b811516bf0262c0f4f7064d4/packaging-24.1.tar.gz", hash = "sha256:026ed72c8ed3fcce5bf8950572258698927fd1dbda10a5e981cdf0ac37f4f002", size = 148788, upload-time = "2024-06-09T23:19:24.956Z" }
wheels = [
    { url = "https://files.pythonhosted.org/packages/08/aa/cc0199a5f0ad350994d660967a8efb233fe0416e4639146c089643407ce6/packaging-24.1-py3-none-any.whl", hash = "sha256:5b8f2217dbdbd2f7f384c41c628544e6d52f2d0f53c6d0c3ea61aa5d1d7ff124", size = 53985, upload-time = "2024-06-09T23:19:21.909Z" },
]
