# This file is automatically @generated by Cargo.
# It is not intended for manual editing.
version = 4

[[package]]
name = "dunce"
version = "1.0.5"
source = "registry+https://github.com/rust-lang/crates.io-index"
checksum = "92773504d58c093f6de2459af4af33faa518c13451eb8f2b5698ed3d36e7c813"

[[package]]
name = "embed-manifest"
version = "1.4.0"
source = "registry+https://github.com/rust-lang/crates.io-index"
checksum = "41cd446c890d6bed1d8b53acef5f240069ebef91d6fae7c5f52efe61fe8b5eae"

[[package]]
name = "proc-macro2"
version = "1.0.86"
source = "registry+https://github.com/rust-lang/crates.io-index"
checksum = "5e719e8df665df0d1c8fbfd238015744736151d4445ec0836b8e628aae103b77"
dependencies = [
 "unicode-ident",
]

[[package]]
name = "quote"
version = "1.0.36"
source = "registry+https://github.com/rust-lang/crates.io-index"
checksum = "0fa76aaf39101c457836aec0ce2316dbdc3ab723cdda1c6bd4e6ad4208acaca7"
dependencies = [
 "proc-macro2",
]

[[package]]
name = "syn"
version = "1.0.109"
source = "registry+https://github.com/rust-lang/crates.io-index"
checksum = "72b64191b275b66ffe2469e8af2c1cfe3bafa67b529ead792a6d0160888b4237"
dependencies = [
 "proc-macro2",
 "quote",
 "unicode-ident",
]

[[package]]
name = "syn"
version = "2.0.87"
source = "registry+https://github.com/rust-lang/crates.io-index"
checksum = "25aa4ce346d03a6dcd68dd8b4010bcb74e54e62c90c573f394c46eae99aba32d"
dependencies = [
 "proc-macro2",
 "quote",
 "unicode-ident",
]

[[package]]
name = "ufmt"
version = "0.2.0"
source = "registry+https://github.com/rust-lang/crates.io-index"
checksum = "1a64846ec02b57e9108d6469d98d1648782ad6bb150a95a9baac26900bbeab9d"
dependencies = [
 "ufmt-macros",
 "ufmt-write",
]

[[package]]
name = "ufmt-macros"
version = "0.3.0"
source = "registry+https://github.com/rust-lang/crates.io-index"
checksum = "d337d3be617449165cb4633c8dece429afd83f84051024079f97ad32a9663716"
dependencies = [
 "proc-macro2",
 "quote",
 "syn 1.0.109",
]

[[package]]
name = "ufmt-write"
version = "0.1.0"
source = "registry+https://github.com/rust-lang/crates.io-index"
checksum = "e87a2ed6b42ec5e28cc3b94c09982969e9227600b2e3dcbc1db927a84c06bd69"

[[package]]
name = "unicode-ident"
version = "1.0.12"
source = "registry+https://github.com/rust-lang/crates.io-index"
checksum = "3354b9ac3fae1ff6755cb6db53683adb661634f67557942dea4facebec0fee4b"

[[package]]
name = "uv-trampoline"
version = "0.1.0"
dependencies = [
 "dunce",
 "embed-manifest",
 "ufmt",
 "ufmt-write",
 "windows",
]

[[package]]
name = "windows"
version = "0.59.0"
source = "registry+https://github.com/rust-lang/crates.io-index"
checksum = "7f919aee0a93304be7f62e8e5027811bbba96bcb1de84d6618be56e43f8a32a1"
dependencies = [
 "windows-core",
 "windows-targets",
]

[[package]]
name = "windows-core"
version = "0.59.0"
source = "registry+https://github.com/rust-lang/crates.io-index"
checksum = "810ce18ed2112484b0d4e15d022e5f598113e220c53e373fb31e67e21670c1ce"
dependencies = [
 "windows-implement",
 "windows-interface",
 "windows-result",
 "windows-strings",
 "windows-targets",
]

[[package]]
name = "windows-implement"
version = "0.59.0"
source = "registry+https://github.com/rust-lang/crates.io-index"
checksum = "83577b051e2f49a058c308f17f273b570a6a758386fc291b5f6a934dd84e48c1"
dependencies = [
 "proc-macro2",
 "quote",
 "syn 2.0.87",
]

[[package]]
name = "windows-interface"
version = "0.59.0"
source = "registry+https://github.com/rust-lang/crates.io-index"
checksum = "cb26fd936d991781ea39e87c3a27285081e3c0da5ca0fcbc02d368cc6f52ff01"
dependencies = [
 "proc-macro2",
 "quote",
 "syn 2.0.87",
]

[[package]]
name = "windows-result"
version = "0.3.0"
source = "registry+https://github.com/rust-lang/crates.io-index"
checksum = "d08106ce80268c4067c0571ca55a9b4e9516518eaa1a1fe9b37ca403ae1d1a34"
dependencies = [
 "windows-targets",
]

[[package]]
name = "windows-strings"
version = "0.3.0"
source = "registry+https://github.com/rust-lang/crates.io-index"
checksum = "b888f919960b42ea4e11c2f408fadb55f78a9f236d5eef084103c8ce52893491"
dependencies = [
 "windows-targets",
]

[[package]]
name = "windows-targets"
version = "0.53.0"
source = "registry+https://github.com/rust-lang/crates.io-index"
checksum = "b1e4c7e8ceaaf9cb7d7507c974735728ab453b67ef8f18febdd7c11fe59dca8b"
dependencies = [
 "windows_aarch64_gnullvm",
 "windows_aarch64_msvc",
 "windows_i686_gnu",
 "windows_i686_gnullvm",
 "windows_i686_msvc",
 "windows_x86_64_gnu",
 "windows_x86_64_gnullvm",
 "windows_x86_64_msvc",
]

[[package]]
name = "windows_aarch64_gnullvm"
version = "0.53.0"
source = "registry+https://github.com/rust-lang/crates.io-index"
checksum = "86b8d5f90ddd19cb4a147a5fa63ca848db3df085e25fee3cc10b39b6eebae764"

[[package]]
name = "windows_aarch64_msvc"
version = "0.53.0"
source = "registry+https://github.com/rust-lang/crates.io-index"
checksum = "c7651a1f62a11b8cbd5e0d42526e55f2c99886c77e007179efff86c2b137e66c"

[[package]]
name = "windows_i686_gnu"
version = "0.53.0"
source = "registry+https://github.com/rust-lang/crates.io-index"
checksum = "c1dc67659d35f387f5f6c479dc4e28f1d4bb90ddd1a5d3da2e5d97b42d6272c3"

[[package]]
name = "windows_i686_gnullvm"
version = "0.53.0"
source = "registry+https://github.com/rust-lang/crates.io-index"
checksum = "9ce6ccbdedbf6d6354471319e781c0dfef054c81fbc7cf83f338a4296c0cae11"

[[package]]
name = "windows_i686_msvc"
version = "0.53.0"
source = "registry+https://github.com/rust-lang/crates.io-index"
checksum = "581fee95406bb13382d2f65cd4a908ca7b1e4c2f1917f143ba16efe98a589b5d"

[[package]]
name = "windows_x86_64_gnu"
version = "0.53.0"
source = "registry+https://github.com/rust-lang/crates.io-index"
checksum = "2e55b5ac9ea33f2fc1716d1742db15574fd6fc8dadc51caab1c16a3d3b4190ba"

[[package]]
name = "windows_x86_64_gnullvm"
version = "0.53.0"
source = "registry+https://github.com/rust-lang/crates.io-index"
checksum = "0a6e035dd0599267ce1ee132e51c27dd29437f63325753051e71dd9e42406c57"

[[package]]
name = "windows_x86_64_msvc"
version = "0.53.0"
source = "registry+https://github.com/rust-lang/crates.io-index"
checksum = "271414315aff87387382ec3d271b52d7ae78726f5d44ac98b4f4030c91880486"
