version = 1
revision = 3
requires-python = ">=3.13.2"

[[package]]
name = "anyio"
version = "4.9.0"
source = { registry = "../../../files" }
dependencies = [
    { name = "idna" },
    { name = "sniffio" },
]
wheels = [
    { path = "anyio-4.9.0-py3-none-any.whl" },
]

[[package]]
name = "built-by-uv"
version = "0.1.0"
source = { registry = "../../../files" }
dependencies = [
    { name = "anyio" },
]
wheels = [
    { path = "built_by_uv-0.1.0-py3-none-any-cpu1.whl" },
    { path = "built_by_uv-0.1.0-py3-none-any-cpu3.whl" },
    { path = "built_by_uv-0.1.0-py3-none-any-cpu2.whl" },
    { path = "built_by_uv-0.1.0-py3-none-any-cpu4.whl" },
]
variants-json = { path = "built_by_uv-0.1.0-variants.json" }

[[package]]
name = "cpu-user"
version = "0.1.0"
source = { editable = "." }
dependencies = [
    { name = "built-by-uv" },
    { name = "sniffio" },
]

[package.metadata]
requires-dist = [
    { name = "built-by-uv" },
    { name = "sniffio" },
]

[[package]]
name = "idna"
version = "3.10"
source = { registry = "../../../files" }
wheels = [
    { path = "idna-3.10-py3-none-any.whl" },
]

[[package]]
name = "sniffio"
version = "1.3.1"
source = { registry = "../../../files" }
wheels = [
    { path = "sniffio-1.3.1-py3-none-any.whl" },
]
