version = 1
requires-python = ">=3.12"

[[distribution]]
name = "anyio"
version = "3.7.0"
source = "registry+https://pypi.org/simple"
sdist = { url = "https://files.pythonhosted.org/packages/c6/b3/fefbf7e78ab3b805dec67d698dc18dd505af7a18a8dd08868c9b4fa736b5/anyio-3.7.0.tar.gz", hash = "sha256:275d9973793619a5374e1c89a4f4ad3f4b0a5510a2b5b939444bee8f4c4d37ce", size = 142737 }
wheels = [{ url = "https://files.pythonhosted.org/packages/68/fe/7ce1926952c8a403b35029e194555558514b365ad77d75125f521a2bec62/anyio-3.7.0-py3-none-any.whl", hash = "sha256:eddca883c4175f14df8aedce21054bfca3adb70ffe76a9f607aef9d7fa2ea7f0", size = 80873 }]

[[distribution.dependencies]]
name = "idna"
version = "3.7"
source = "registry+https://pypi.org/simple"

[[distribution.dependencies]]
name = "sniffio"
version = "1.3.1"
source = "registry+https://pypi.org/simple"

[[distribution]]
name = "idna"
version = "3.7"
source = "registry+https://pypi.org/simple"
sdist = { url = "https://files.pythonhosted.org/packages/21/ed/f86a79a07470cb07819390452f178b3bef1d375f2ec021ecfc709fc7cf07/idna-3.7.tar.gz", hash = "sha256:028ff3aadf0609c1fd278d8ea3089299412a7a8b9bd005dd08b9f8285bcb5cfc", size = 189575 }
wheels = [{ url = "https://files.pythonhosted.org/packages/e5/3e/741d8c82801c347547f8a2a06aa57dbb1992be9e948df2ea0eda2c8b79e8/idna-3.7-py3-none-any.whl", hash = "sha256:82fee1fc78add43492d3a1898bfa6d8a904cc97d8427f683ed8e798d07761aa0", size = 66836 }]

[[distribution]]
name = "project"
version = "0.1.0"
source = "editable+."
sdist = { path = "." }

[[distribution.dependencies]]
name = "anyio"
version = "3.7.0"
source = "registry+https://pypi.org/simple"
marker = "sys_platform == 'darwin'"

[[distribution]]
name = "sniffio"
version = "1.3.1"
source = "registry+https://pypi.org/simple"
sdist = { url = "https://files.pythonhosted.org/packages/a2/87/a6771e1546d97e7e041b6ae58d80074f81b7d5121207425c964ddf5cfdbd/sniffio-1.3.1.tar.gz", hash = "sha256:f4324edc670a0f49750a81b895f35c3adb843cca46f0530f79fc1babb23789dc", size = 20372 }
wheels = [{ url = "https://files.pythonhosted.org/packages/e9/44/75a9c9421471a6c4805dbf2356f7c181a29c1879239abab1ea2cc8f38b40/sniffio-1.3.1-py3-none-any.whl", hash = "sha256:2f6da418d1f1e0fddd844478f41680e794e6051915791a034ff65e5f100525a2", size = 10235 }]
