version = 1
revision = 1
requires-python = ">=3.12"
resolution-markers = [
    "sys_platform == 'linux'",
    "sys_platform != 'linux'",
]

[[package]]
name = "filelock"
version = "3.13.1"
source = { registry = "https://download.pytorch.org/whl/cu124" }
wheels = [
    { url = "https://download.pytorch.org/whl/filelock-3.13.1-py3-none-any.whl", hash = "sha256:57dbda9b35157b05fb3e58ee91448612eb674172fab98ee235ccb0b5bee19a1c" },
]

[[package]]
name = "fsspec"
version = "2024.6.1"
source = { registry = "https://download.pytorch.org/whl/cu124" }
wheels = [
    { url = "https://download.pytorch.org/whl/fsspec-2024.6.1-py3-none-any.whl", hash = "sha256:3cb443f8bcd2efb31295a5b9fdb02aee81d8452c80d28f97a6d0959e6cee101e" },
]

[[package]]
name = "jinja2"
version = "3.1.4"
source = { registry = "https://download.pytorch.org/whl/cu124" }
dependencies = [
    { name = "markupsafe" },
]
wheels = [
    { url = "https://download.pytorch.org/whl/Jinja2-3.1.4-py3-none-any.whl", hash = "sha256:bc5dd2abb727a5319567b7a813e6a2e7318c39f4f487cfe6c89c6f9c7d25197d" },
]

[[package]]
name = "markupsafe"
version = "3.0.2"
source = { registry = "https://download.pytorch.org/whl/cu124" }
wheels = [
    { url = "https://download.pytorch.org/whl/MarkupSafe-3.0.2-cp313-cp313-manylinux_2_17_x86_64.manylinux2014_x86_64.whl", hash = "sha256:15ab75ef81add55874e7ab7055e9c397312385bd9ced94920f2802310c930396" },
]

[[package]]
name = "mpmath"
version = "1.3.0"
source = { registry = "https://download.pytorch.org/whl/cu124" }
wheels = [
    { url = "https://download.pytorch.org/whl/mpmath-1.3.0-py3-none-any.whl", hash = "sha256:a0b2b9fe80bbcd81a6647ff13108738cfb482d481d826cc0e02f5b35e5c88d2c" },
]

[[package]]
name = "networkx"
version = "3.3"
source = { registry = "https://download.pytorch.org/whl/cu124" }
wheels = [
    { url = "https://download.pytorch.org/whl/networkx-3.3-py3-none-any.whl", hash = "sha256:28575580c6ebdaf4505b22c6256a2b9de86b316dc63ba9e93abde3d78dfdbcf2" },
]

[[package]]
name = "numpy"
version = "2.1.2"
source = { registry = "https://download.pytorch.org/whl/cu124" }
wheels = [
    { url = "https://download.pytorch.org/whl/numpy-2.1.2-cp312-cp312-macosx_10_13_x86_64.whl", hash = "sha256:d7bf0a4f9f15b32b5ba53147369e94296f5fffb783db5aacc1be15b4bf72f43b" },
    { url = "https://download.pytorch.org/whl/numpy-2.1.2-cp312-cp312-macosx_11_0_arm64.whl", hash = "sha256:b1d0fcae4f0949f215d4632be684a539859b295e2d0cb14f78ec231915d644db" },
    { url = "https://download.pytorch.org/whl/numpy-2.1.2-cp312-cp312-macosx_14_0_arm64.whl", hash = "sha256:f751ed0a2f250541e19dfca9f1eafa31a392c71c832b6bb9e113b10d050cb0f1" },
    { url = "https://download.pytorch.org/whl/numpy-2.1.2-cp312-cp312-macosx_14_0_x86_64.whl", hash = "sha256:bd33f82e95ba7ad632bc57837ee99dba3d7e006536200c4e9124089e1bf42426" },
    { url = "https://download.pytorch.org/whl/numpy-2.1.2-cp312-cp312-manylinux_2_17_aarch64.manylinux2014_aarch64.whl", hash = "sha256:1b8cde4f11f0a975d1fd59373b32e2f5a562ade7cde4f85b7137f3de8fbb29a0" },
    { url = "https://download.pytorch.org/whl/numpy-2.1.2-cp312-cp312-manylinux_2_17_x86_64.manylinux2014_x86_64.whl", hash = "sha256:6d95f286b8244b3649b477ac066c6906fbb2905f8ac19b170e2175d3d799f4df" },
    { url = "https://download.pytorch.org/whl/numpy-2.1.2-cp312-cp312-win_amd64.whl", hash = "sha256:456e3b11cb79ac9946c822a56346ec80275eaf2950314b249b512896c0d2505e" },
    { url = "https://download.pytorch.org/whl/numpy-2.1.2-cp313-cp313-macosx_10_13_x86_64.whl", hash = "sha256:a84498e0d0a1174f2b3ed769b67b656aa5460c92c9554039e11f20a05650f00d" },
    { url = "https://download.pytorch.org/whl/numpy-2.1.2-cp313-cp313-macosx_11_0_arm64.whl", hash = "sha256:4d6ec0d4222e8ffdab1744da2560f07856421b367928026fb540e1945f2eeeaf" },
    { url = "https://download.pytorch.org/whl/numpy-2.1.2-cp313-cp313-macosx_14_0_arm64.whl", hash = "sha256:259ec80d54999cc34cd1eb8ded513cb053c3bf4829152a2e00de2371bd406f5e" },
    { url = "https://download.pytorch.org/whl/numpy-2.1.2-cp313-cp313-macosx_14_0_x86_64.whl", hash = "sha256:675c741d4739af2dc20cd6c6a5c4b7355c728167845e3c6b0e824e4e5d36a6c3" },
    { url = "https://download.pytorch.org/whl/numpy-2.1.2-cp313-cp313-manylinux_2_17_aarch64.manylinux2014_aarch64.whl", hash = "sha256:05b2d4e667895cc55e3ff2b56077e4c8a5604361fc21a042845ea3ad67465aa8" },
    { url = "https://download.pytorch.org/whl/numpy-2.1.2-cp313-cp313-manylinux_2_17_x86_64.manylinux2014_x86_64.whl", hash = "sha256:43cca367bf94a14aca50b89e9bc2061683116cfe864e56740e083392f533ce7a" },
    { url = "https://download.pytorch.org/whl/numpy-2.1.2-cp313-cp313-win_amd64.whl", hash = "sha256:f2ded8d9b6f68cc26f8425eda5d3877b47343e68ca23d0d0846f4d312ecaa445" },
    { url = "https://download.pytorch.org/whl/numpy-2.1.2-cp313-cp313t-macosx_10_13_x86_64.whl", hash = "sha256:2ffef621c14ebb0188a8633348504a35c13680d6da93ab5cb86f4e54b7e922b5" },
    { url = "https://download.pytorch.org/whl/numpy-2.1.2-cp313-cp313t-macosx_11_0_arm64.whl", hash = "sha256:ad369ed238b1959dfbade9018a740fb9392c5ac4f9b5173f420bd4f37ba1f7a0" },
    { url = "https://download.pytorch.org/whl/numpy-2.1.2-cp313-cp313t-macosx_14_0_arm64.whl", hash = "sha256:d82075752f40c0ddf57e6e02673a17f6cb0f8eb3f587f63ca1eaab5594da5b17" },
    { url = "https://download.pytorch.org/whl/numpy-2.1.2-cp313-cp313t-macosx_14_0_x86_64.whl", hash = "sha256:1600068c262af1ca9580a527d43dc9d959b0b1d8e56f8a05d830eea39b7c8af6" },
    { url = "https://download.pytorch.org/whl/numpy-2.1.2-cp313-cp313t-manylinux_2_17_aarch64.manylinux2014_aarch64.whl", hash = "sha256:a26ae94658d3ba3781d5e103ac07a876b3e9b29db53f68ed7df432fd033358a8" },
    { url = "https://download.pytorch.org/whl/numpy-2.1.2-cp313-cp313t-manylinux_2_17_x86_64.manylinux2014_x86_64.whl", hash = "sha256:13311c2db4c5f7609b462bc0f43d3c465424d25c626d95040f073e30f7570e35" },
]

[[package]]
name = "nvidia-cublas-cu12"
version = "12.4.5.8"
source = { registry = "https://download.pytorch.org/whl/cu124" }
wheels = [
    { url = "https://download.pytorch.org/whl/cu124/nvidia_cublas_cu12-12.4.5.8-py3-none-manylinux2014_x86_64.whl", hash = "sha256:2fc8da60df463fdefa81e323eef2e36489e1c94335b5358bcb38360adf75ac9b" },
]

[[package]]
name = "nvidia-cuda-cupti-cu12"
version = "12.4.127"
source = { registry = "https://download.pytorch.org/whl/cu124" }
wheels = [
    { url = "https://download.pytorch.org/whl/cu124/nvidia_cuda_cupti_cu12-12.4.127-py3-none-manylinux2014_x86_64.whl", hash = "sha256:9dec60f5ac126f7bb551c055072b69d85392b13311fcc1bcda2202d172df30fb" },
]

[[package]]
name = "nvidia-cuda-nvrtc-cu12"
version = "12.4.127"
source = { registry = "https://download.pytorch.org/whl/cu124" }
wheels = [
    { url = "https://download.pytorch.org/whl/cu124/nvidia_cuda_nvrtc_cu12-12.4.127-py3-none-manylinux2014_x86_64.whl", hash = "sha256:a178759ebb095827bd30ef56598ec182b85547f1508941a3d560eb7ea1fbf338" },
]

[[package]]
name = "nvidia-cuda-runtime-cu12"
version = "12.4.127"
source = { registry = "https://download.pytorch.org/whl/cu124" }
wheels = [
    { url = "https://download.pytorch.org/whl/cu124/nvidia_cuda_runtime_cu12-12.4.127-py3-none-manylinux2014_x86_64.whl", hash = "sha256:64403288fa2136ee8e467cdc9c9427e0434110899d07c779f25b5c068934faa5" },
]

[[package]]
name = "nvidia-cudnn-cu12"
version = "9.1.0.70"
source = { registry = "https://download.pytorch.org/whl/cu124" }
dependencies = [
    { name = "nvidia-cublas-cu12", marker = "sys_platform == 'linux'" },
]
wheels = [
    { url = "https://download.pytorch.org/whl/cu124/nvidia_cudnn_cu12-9.1.0.70-py3-none-manylinux2014_x86_64.whl", hash = "sha256:165764f44ef8c61fcdfdfdbe769d687e06374059fbb388b6c89ecb0e28793a6f" },
]

[[package]]
name = "nvidia-cufft-cu12"
version = "11.2.1.3"
source = { registry = "https://download.pytorch.org/whl/cu124" }
dependencies = [
    { name = "nvidia-nvjitlink-cu12", marker = "sys_platform == 'linux'" },
]
wheels = [
    { url = "https://download.pytorch.org/whl/cu124/nvidia_cufft_cu12-11.2.1.3-py3-none-manylinux2014_x86_64.whl", hash = "sha256:f083fc24912aa410be21fa16d157fed2055dab1cc4b6934a0e03cba69eb242b9" },
]

[[package]]
name = "nvidia-curand-cu12"
version = "10.3.5.147"
source = { registry = "https://download.pytorch.org/whl/cu124" }
wheels = [
    { url = "https://download.pytorch.org/whl/cu124/nvidia_curand_cu12-10.3.5.147-py3-none-manylinux2014_x86_64.whl", hash = "sha256:a88f583d4e0bb643c49743469964103aa59f7f708d862c3ddb0fc07f851e3b8b" },
]

[[package]]
name = "nvidia-cusolver-cu12"
version = "11.6.1.9"
source = { registry = "https://download.pytorch.org/whl/cu124" }
dependencies = [
    { name = "nvidia-cublas-cu12", marker = "sys_platform == 'linux'" },
    { name = "nvidia-cusparse-cu12", marker = "sys_platform == 'linux'" },
    { name = "nvidia-nvjitlink-cu12", marker = "sys_platform == 'linux'" },
]
wheels = [
    { url = "https://download.pytorch.org/whl/cu124/nvidia_cusolver_cu12-11.6.1.9-py3-none-manylinux2014_x86_64.whl", hash = "sha256:19e33fa442bcfd085b3086c4ebf7e8debc07cfe01e11513cc6d332fd918ac260" },
]

[[package]]
name = "nvidia-cusparse-cu12"
version = "12.3.1.170"
source = { registry = "https://download.pytorch.org/whl/cu124" }
dependencies = [
    { name = "nvidia-nvjitlink-cu12", marker = "sys_platform == 'linux'" },
]
wheels = [
    { url = "https://download.pytorch.org/whl/cu124/nvidia_cusparse_cu12-12.3.1.170-py3-none-manylinux2014_x86_64.whl", hash = "sha256:ea4f11a2904e2a8dc4b1833cc1b5181cde564edd0d5cd33e3c168eff2d1863f1" },
]

[[package]]
name = "nvidia-cusparselt-cu12"
version = "0.6.2"
source = { registry = "https://download.pytorch.org/whl/cu124" }
wheels = [
    { url = "https://download.pytorch.org/whl/cu124/nvidia_cusparselt_cu12-0.6.2-py3-none-manylinux2014_x86_64.whl", hash = "sha256:df2c24502fd76ebafe7457dbc4716b2fec071aabaed4fb7691a201cde03704d9" },
]

[[package]]
name = "nvidia-nccl-cu12"
version = "2.21.5"
source = { registry = "https://download.pytorch.org/whl/cu124" }
wheels = [
    { url = "https://download.pytorch.org/whl/cu124/nvidia_nccl_cu12-2.21.5-py3-none-manylinux2014_x86_64.whl", hash = "sha256:8579076d30a8c24988834445f8d633c697d42397e92ffc3f63fa26766d25e0a0" },
    { url = "https://download.pytorch.org/whl/nvidia_nccl_cu12-2.21.5-py3-none-manylinux2014_x86_64.whl", hash = "sha256:8579076d30a8c24988834445f8d633c697d42397e92ffc3f63fa26766d25e0a0" },
]

[[package]]
name = "nvidia-nvjitlink-cu12"
version = "12.4.127"
source = { registry = "https://download.pytorch.org/whl/cu124" }
wheels = [
    { url = "https://download.pytorch.org/whl/cu124/nvidia_nvjitlink_cu12-12.4.127-py3-none-manylinux2014_x86_64.whl", hash = "sha256:06b3b9b25bf3f8af351d664978ca26a16d2c5127dbd53c0497e28d1fb9611d57" },
]

[[package]]
name = "nvidia-nvtx-cu12"
version = "12.4.127"
source = { registry = "https://download.pytorch.org/whl/cu124" }
wheels = [
    { url = "https://download.pytorch.org/whl/cu124/nvidia_nvtx_cu12-12.4.127-py3-none-manylinux2014_x86_64.whl", hash = "sha256:781e950d9b9f60d8241ccea575b32f5105a5baf4c2351cab5256a24869f12a1a" },
]

[[package]]
name = "pillow"
version = "11.0.0"
source = { registry = "https://download.pytorch.org/whl/cu124" }
wheels = [
    { url = "https://download.pytorch.org/whl/pillow-11.0.0-cp312-cp312-macosx_10_13_x86_64.whl", hash = "sha256:d2c0a187a92a1cb5ef2c8ed5412dd8d4334272617f532d4ad4de31e0495bd923" },
    { url = "https://download.pytorch.org/whl/pillow-11.0.0-cp312-cp312-macosx_11_0_arm64.whl", hash = "sha256:084a07ef0821cfe4858fe86652fffac8e187b6ae677e9906e192aafcc1b69903" },
    { url = "https://download.pytorch.org/whl/pillow-11.0.0-cp312-cp312-manylinux_2_17_aarch64.manylinux2014_aarch64.whl", hash = "sha256:8069c5179902dcdce0be9bfc8235347fdbac249d23bd90514b7a47a72d9fecf4" },
    { url = "https://download.pytorch.org/whl/pillow-11.0.0-cp312-cp312-manylinux_2_17_x86_64.manylinux2014_x86_64.whl", hash = "sha256:f02541ef64077f22bf4924f225c0fd1248c168f86e4b7abdedd87d6ebaceab0f" },
    { url = "https://download.pytorch.org/whl/pillow-11.0.0-cp312-cp312-manylinux_2_28_aarch64.whl", hash = "sha256:fcb4621042ac4b7865c179bb972ed0da0218a076dc1820ffc48b1d74c1e37fe9" },
    { url = "https://download.pytorch.org/whl/pillow-11.0.0-cp312-cp312-manylinux_2_28_x86_64.whl", hash = "sha256:00177a63030d612148e659b55ba99527803288cea7c75fb05766ab7981a8c1b7" },
    { url = "https://download.pytorch.org/whl/pillow-11.0.0-cp312-cp312-win_amd64.whl", hash = "sha256:8ec4a89295cd6cd4d1058a5e6aec6bf51e0eaaf9714774e1bfac7cfc9051db47" },
    { url = "https://download.pytorch.org/whl/pillow-11.0.0-cp312-cp312-win_arm64.whl", hash = "sha256:27a7860107500d813fcd203b4ea19b04babe79448268403172782754870dac25" },
    { url = "https://download.pytorch.org/whl/pillow-11.0.0-cp313-cp313-macosx_10_13_x86_64.whl", hash = "sha256:bcd1fb5bb7b07f64c15618c89efcc2cfa3e95f0e3bcdbaf4642509de1942a699" },
    { url = "https://download.pytorch.org/whl/pillow-11.0.0-cp313-cp313-macosx_11_0_arm64.whl", hash = "sha256:0e038b0745997c7dcaae350d35859c9715c71e92ffb7e0f4a8e8a16732150f38" },
    { url = "https://download.pytorch.org/whl/pillow-11.0.0-cp313-cp313-manylinux_2_17_aarch64.manylinux2014_aarch64.whl", hash = "sha256:0ae08bd8ffc41aebf578c2af2f9d8749d91f448b3bfd41d7d9ff573d74f2a6b2" },
    { url = "https://download.pytorch.org/whl/pillow-11.0.0-cp313-cp313-manylinux_2_17_x86_64.manylinux2014_x86_64.whl", hash = "sha256:d69bfd8ec3219ae71bcde1f942b728903cad25fafe3100ba2258b973bd2bc1b2" },
    { url = "https://download.pytorch.org/whl/pillow-11.0.0-cp313-cp313-manylinux_2_28_aarch64.whl", hash = "sha256:61b887f9ddba63ddf62fd02a3ba7add935d053b6dd7d58998c630e6dbade8527" },
    { url = "https://download.pytorch.org/whl/pillow-11.0.0-cp313-cp313-manylinux_2_28_x86_64.whl", hash = "sha256:c6a660307ca9d4867caa8d9ca2c2658ab685de83792d1876274991adec7b93fa" },
    { url = "https://download.pytorch.org/whl/pillow-11.0.0-cp313-cp313-win_amd64.whl", hash = "sha256:8ba470552b48e5835f1d23ecb936bb7f71d206f9dfeee64245f30c3270b994de" },
    { url = "https://download.pytorch.org/whl/pillow-11.0.0-cp313-cp313-win_arm64.whl", hash = "sha256:846e193e103b41e984ac921b335df59195356ce3f71dcfd155aa79c603873b84" },
    { url = "https://download.pytorch.org/whl/pillow-11.0.0-cp313-cp313t-macosx_10_13_x86_64.whl", hash = "sha256:4ad70c4214f67d7466bea6a08061eba35c01b1b89eaa098040a35272a8efb22b" },
    { url = "https://download.pytorch.org/whl/pillow-11.0.0-cp313-cp313t-macosx_11_0_arm64.whl", hash = "sha256:6ec0d5af64f2e3d64a165f490d96368bb5dea8b8f9ad04487f9ab60dc4bb6003" },
    { url = "https://download.pytorch.org/whl/pillow-11.0.0-cp313-cp313t-manylinux_2_17_x86_64.manylinux2014_x86_64.whl", hash = "sha256:c809a70e43c7977c4a42aefd62f0131823ebf7dd73556fa5d5950f5b354087e2" },
    { url = "https://download.pytorch.org/whl/pillow-11.0.0-cp313-cp313t-manylinux_2_28_x86_64.whl", hash = "sha256:4b60c9520f7207aaf2e1d94de026682fc227806c6e1f55bba7606d1c94dd623a" },
    { url = "https://download.pytorch.org/whl/pillow-11.0.0-cp313-cp313t-win_amd64.whl", hash = "sha256:5c39ed17edea3bc69c743a8dd3e9853b7509625c2462532e62baa0732163a904" },
    { url = "https://download.pytorch.org/whl/pillow-11.0.0-cp313-cp313t-win_arm64.whl", hash = "sha256:75acbbeb05b86bc53cbe7b7e6fe00fbcf82ad7c684b3ad82e3d711da9ba287d3" },
]

[[package]]
name = "setuptools"
version = "70.2.0"
source = { registry = "https://download.pytorch.org/whl/cu124" }
wheels = [
    { url = "https://download.pytorch.org/whl/setuptools-70.2.0-py3-none-any.whl", hash = "sha256:b8b8060bb426838fbe942479c90296ce976249451118ef566a5a0b7d8b78fb05" },
]

[[package]]
name = "sympy"
version = "1.13.1"
source = { registry = "https://download.pytorch.org/whl/cu124" }
dependencies = [
    { name = "mpmath" },
]
wheels = [
    { url = "https://download.pytorch.org/whl/sympy-1.13.1-py3-none-any.whl", hash = "sha256:db36cdc64bf61b9b24578b6f7bab1ecdd2452cf008f34faa33776680c26d66f8" },
]

[[package]]
name = "torch"
version = "2.6.0+cu124"
source = { registry = "https://download.pytorch.org/whl/cu124" }
dependencies = [
    { name = "filelock" },
    { name = "fsspec" },
    { name = "jinja2" },
    { name = "networkx" },
    { name = "nvidia-cublas-cu12", marker = "platform_machine == 'x86_64' and sys_platform == 'linux'" },
    { name = "nvidia-cuda-cupti-cu12", marker = "platform_machine == 'x86_64' and sys_platform == 'linux'" },
    { name = "nvidia-cuda-nvrtc-cu12", marker = "platform_machine == 'x86_64' and sys_platform == 'linux'" },
    { name = "nvidia-cuda-runtime-cu12", marker = "platform_machine == 'x86_64' and sys_platform == 'linux'" },
    { name = "nvidia-cudnn-cu12", marker = "platform_machine == 'x86_64' and sys_platform == 'linux'" },
    { name = "nvidia-cufft-cu12", marker = "platform_machine == 'x86_64' and sys_platform == 'linux'" },
    { name = "nvidia-curand-cu12", marker = "platform_machine == 'x86_64' and sys_platform == 'linux'" },
    { name = "nvidia-cusolver-cu12", marker = "platform_machine == 'x86_64' and sys_platform == 'linux'" },
    { name = "nvidia-cusparse-cu12", marker = "platform_machine == 'x86_64' and sys_platform == 'linux'" },
    { name = "nvidia-cusparselt-cu12", marker = "platform_machine == 'x86_64' and sys_platform == 'linux'" },
    { name = "nvidia-nccl-cu12", marker = "platform_machine == 'x86_64' and sys_platform == 'linux'" },
    { name = "nvidia-nvjitlink-cu12", marker = "platform_machine == 'x86_64' and sys_platform == 'linux'" },
    { name = "nvidia-nvtx-cu12", marker = "platform_machine == 'x86_64' and sys_platform == 'linux'" },
    { name = "setuptools" },
    { name = "sympy" },
    { name = "triton", marker = "platform_machine == 'x86_64' and sys_platform == 'linux'" },
    { name = "typing-extensions" },
]
wheels = [
    { url = "https://download.pytorch.org/whl/cu124/torch-2.6.0%2Bcu124-cp312-cp312-linux_x86_64.whl", hash = "sha256:a393b506844035c0dac2f30ea8478c343b8e95a429f06f3b3cadfc7f53adb597" },
    { url = "https://download.pytorch.org/whl/cu124/torch-2.6.0%2Bcu124-cp312-cp312-win_amd64.whl", hash = "sha256:3313061c1fec4c7310cf47944e84513dcd27b6173b72a349bb7ca68d0ee6e9c0" },
    { url = "https://download.pytorch.org/whl/cu124/torch-2.6.0%2Bcu124-cp313-cp313-linux_x86_64.whl", hash = "sha256:0f3bc53c988ce9568cd876a2a5316761e84a8704135ec8068f5f81b4417979cb" },
    { url = "https://download.pytorch.org/whl/cu124/torch-2.6.0%2Bcu124-cp313-cp313-win_amd64.whl", hash = "sha256:519330eef09534acad8110b6f423d2fe58c1d8e9ada999ed077a637a0021f908" },
    { url = "https://download.pytorch.org/whl/cu124/torch-2.6.0%2Bcu124-cp313-cp313t-linux_x86_64.whl", hash = "sha256:35cba404c0d742406cdcba1609085874bc60facdfbc50e910c47a92405fef44c" },
]

[[package]]
name = "torchvision"
version = "0.21.0+cu124"
source = { registry = "https://download.pytorch.org/whl/cu124" }
dependencies = [
    { name = "numpy" },
    { name = "pillow" },
    { name = "torch" },
]
wheels = [
    { url = "https://download.pytorch.org/whl/cu124/torchvision-0.21.0%2Bcu124-cp312-cp312-linux_x86_64.whl", hash = "sha256:efb53ea0af7bf09b7b53e2a18b9be6d245f7d46a90b51d5cf97f37e9b929a991" },
    { url = "https://download.pytorch.org/whl/cu124/torchvision-0.21.0%2Bcu124-cp312-cp312-win_amd64.whl", hash = "sha256:ec63c2ee792757492da40590e34b14f2fceda29050558c215f0c1f3b08149c0f" },
    { url = "https://download.pytorch.org/whl/cu124/torchvision-0.21.0%2Bcu124-cp313-cp313-linux_x86_64.whl", hash = "sha256:4b70acf3b4b96a0ceb1374116626c9bef9e8be016b57b1284e482260ca1896d6" },
    { url = "https://download.pytorch.org/whl/cu124/torchvision-0.21.0%2Bcu124-cp313-cp313-win_amd64.whl", hash = "sha256:8fcf55321b206de70ff8e01c884fa42e57a60b1cb749341b96e0f22c8a7c9ec7" },
]

[[package]]
name = "triton"
version = "3.2.0"
source = { registry = "https://download.pytorch.org/whl/cu124" }
wheels = [
    { url = "https://download.pytorch.org/whl/triton-3.2.0-cp312-cp312-manylinux_2_17_x86_64.manylinux2014_x86_64.whl", hash = "sha256:8d9b215efc1c26fa7eefb9a157915c92d52e000d2bf83e5f69704047e63f125c" },
    { url = "https://download.pytorch.org/whl/triton-3.2.0-cp312-cp312-manylinux_2_27_x86_64.manylinux_2_28_x86_64.whl", hash = "sha256:0fc1217eed33c7695272f981f5a8874ce3cb0195bbb2bfed16d58edd0aefef04" },
    { url = "https://download.pytorch.org/whl/triton-3.2.0-cp313-cp313-manylinux_2_17_x86_64.manylinux2014_x86_64.whl", hash = "sha256:e5dfa23ba84541d7c0a531dfce76d8bcd19159d50a4a8b14ad01e91734a5c1b0" },
    { url = "https://download.pytorch.org/whl/triton-3.2.0-cp313-cp313-manylinux_2_27_x86_64.manylinux_2_28_x86_64.whl", hash = "sha256:d528960c898f74596d5a8af1d70a7f0899c05a0781205eab51407b67f1644652" },
    { url = "https://download.pytorch.org/whl/triton-3.2.0-cp313-cp313t-manylinux_2_17_x86_64.manylinux2014_x86_64.whl", hash = "sha256:142dd3a9ac2fc3433768eeb4a4cd120655e2f658f4bf42726d2ea7f3748abffa" },
    { url = "https://download.pytorch.org/whl/triton-3.2.0-cp313-cp313t-manylinux_2_27_x86_64.manylinux_2_28_x86_64.whl", hash = "sha256:f24212d12744266f6229f90f820f34c43a538a69d6511b8e92ee392d2dc0d38b" },
]

[[package]]
name = "typing-extensions"
version = "4.12.2"
source = { registry = "https://download.pytorch.org/whl/cu124" }
wheels = [
    { url = "https://download.pytorch.org/whl/typing_extensions-4.12.2-py3-none-any.whl", hash = "sha256:04e5ca0351e0f3f85c6853954072df659d0d13fac324d0072316b67d7794700d" },
]

[[package]]
name = "uvtest"
version = "0.1.0"
source = { virtual = "." }
dependencies = [
    { name = "torch" },
    { name = "torchvision" },
]

[package.metadata]
requires-dist = [
    { name = "torch", marker = "sys_platform != 'linux'", specifier = ">=2.6.0" },
    { name = "torch", marker = "sys_platform == 'linux'", specifier = ">=2.6.0", index = "https://download.pytorch.org/whl/cu124" },
    { name = "torchvision", marker = "sys_platform != 'linux'", specifier = ">=0.21.0" },
    { name = "torchvision", marker = "sys_platform == 'linux'", specifier = ">=0.21.0", index = "https://download.pytorch.org/whl/cu124" },
]
