version = 1
revision = 1
requires-python = ">=3.12.0"
conflicts = [[
    { package = "project", extra = "cpu" },
    { package = "project", extra = "cu124" },
]]

[manifest]
members = [
    "project",
]

[[package]]
name = "anyio"
version = "1.3.1"
source = { registry = "https://pypi.org/simple" }
dependencies = [
    { name = "async-generator" },
    { name = "sniffio" },
]
sdist = { url = "https://files.pythonhosted.org/packages/44/eb/c5f29a8c854cf454cb995dc791152c641eb8948b2d71cb30e233eb262c53/anyio-1.3.1.tar.gz", hash = "sha256:a46bb2b7743455434afd9adea848a3c4e0b7321aee3e9d08844b11d348d3b5a0", size = 56763 }
wheels = [
    { url = "https://files.pythonhosted.org/packages/ab/c2/17b5c64a1a92c5dbd7ab3fd24c4db4332aa78ebe132e54136d1bc5eb1bd5/anyio-1.3.1-py3-none-any.whl", hash = "sha256:f21b4fafeec1b7db81e09a907e44e374a1e39718d782a488fdfcdcf949c8950c", size = 35056 },
]

[[package]]
name = "async-generator"
version = "1.10"
source = { registry = "https://pypi.org/simple" }
sdist = { url = "https://files.pythonhosted.org/packages/ce/b6/6fa6b3b598a03cba5e80f829e0dadbb49d7645f523d209b2fb7ea0bbb02a/async_generator-1.10.tar.gz", hash = "sha256:6ebb3d106c12920aaae42ccb6f787ef5eefdcdd166ea3d628fa8476abe712144", size = 29870 }
wheels = [
    { url = "https://files.pythonhosted.org/packages/71/52/39d20e03abd0ac9159c162ec24b93fbcaa111e8400308f2465432495ca2b/async_generator-1.10-py3-none-any.whl", hash = "sha256:01c7bf666359b4967d2cda0000cc2e4af16a0ae098cbffcb8472fb9e8ad6585b", size = 18857 },
]

[[package]]
name = "idna"
version = "1.0"
source = { registry = "https://pypi.org/simple" }
sdist = { url = "https://files.pythonhosted.org/packages/c4/93/a80bccdee90d97b113b76e2f0ba8e3260034bd0e55cea3ccb66098e710d8/idna-1.0.tar.gz", hash = "sha256:c31140a69ecae014d65e936e9a45d8a66e2ee29f5abbc656f69c705ad2f1507d", size = 99754 }

[[package]]
name = "idna"
version = "2.0"
source = { registry = "https://pypi.org/simple" }
sdist = { url = "https://files.pythonhosted.org/packages/69/27/5f76009f13c6dda4ed5016cbfebf68773f21374f9792db02821c05326a75/idna-2.0.tar.gz", hash = "sha256:16199aad938b290f5be1057c0e1efc6546229391c23cea61ca940c115f7d3d3b", size = 135150 }
wheels = [
    { url = "https://files.pythonhosted.org/packages/7c/75/b566d769455929ee6ab308d8a1c6c5aecc4928e72b25d42dd019c99f7015/idna-2.0-py2.py3-none-any.whl", hash = "sha256:9b2fc50bd3c4ba306b9651b69411ef22026d4d8335b93afc2214cef1246ce707", size = 61339 },
]

[[package]]
name = "project"
version = "0.1.0"
source = { virtual = "member" }
dependencies = [
    { name = "anyio" },
]

[package.optional-dependencies]
cpu = [
    { name = "idna", version = "1.0", source = { registry = "https://pypi.org/simple" } },
]
cu124 = [
    { name = "idna", version = "2.0", source = { registry = "https://pypi.org/simple" } },
]

[package.metadata]
requires-dist = [
    { name = "anyio" },
    { name = "idna", marker = "extra == 'cpu'", specifier = "<=1" },
    { name = "idna", marker = "extra == 'cu124'", specifier = "<=2" },
]
provides-extras = ["cpu", "cu124"]

[[package]]
name = "sniffio"
version = "1.3.1"
source = { registry = "https://pypi.org/simple" }
sdist = { url = "https://files.pythonhosted.org/packages/a2/87/a6771e1546d97e7e041b6ae58d80074f81b7d5121207425c964ddf5cfdbd/sniffio-1.3.1.tar.gz", hash = "sha256:f4324edc670a0f49750a81b895f35c3adb843cca46f0530f79fc1babb23789dc", size = 20372 }
wheels = [
    { url = "https://files.pythonhosted.org/packages/e9/44/75a9c9421471a6c4805dbf2356f7c181a29c1879239abab1ea2cc8f38b40/sniffio-1.3.1-py3-none-any.whl", hash = "sha256:2f6da418d1f1e0fddd844478f41680e794e6051915791a034ff65e5f100525a2", size = 10235 },
]
