version = 1
revision = 1
requires-python = ">=3.12.0"
conflicts = [[
    { package = "project", extra = "cpu" },
    { package = "project", extra = "cu124" },
]]

[[package]]
name = "anyio"
version = "1.3.1"
source = { registry = "https://pypi.org/simple" }
dependencies = [
    { name = "async-generator", marker = "extra == 'extra-7-project-cpu' or extra == 'extra-7-project-cu124'" },
    { name = "sniffio", marker = "extra == 'extra-7-project-cpu' or extra == 'extra-7-project-cu124'" },
]
sdist = { url = "https://files.pythonhosted.org/packages/44/eb/c5f29a8c854cf454cb995dc791152c641eb8948b2d71cb30e233eb262c53/anyio-1.3.1.tar.gz", hash = "sha256:a46bb2b7743455434afd9adea848a3c4e0b7321aee3e9d08844b11d348d3b5a0", size = 56763 }
wheels = [
    { url = "https://files.pythonhosted.org/packages/ab/c2/17b5c64a1a92c5dbd7ab3fd24c4db4332aa78ebe132e54136d1bc5eb1bd5/anyio-1.3.1-py3-none-any.whl", hash = "sha256:f21b4fafeec1b7db81e09a907e44e374a1e39718d782a488fdfcdcf949c8950c", size = 35056 },
]

[[package]]
name = "anyio"
version = "4.8.0"
source = { registry = "https://pypi.org/simple" }
dependencies = [
    { name = "idna", version = "3.10", source = { registry = "https://pypi.org/simple" }, marker = "(extra == 'extra-7-project-cpu' and extra == 'extra-7-project-cu124') or (extra != 'extra-7-project-cpu' and extra != 'extra-7-project-cu124')" },
    { name = "sniffio", marker = "(extra == 'extra-7-project-cpu' and extra == 'extra-7-project-cu124') or (extra != 'extra-7-project-cpu' and extra != 'extra-7-project-cu124')" },
    { name = "typing-extensions", marker = "(python_full_version < '3.13' and extra != 'extra-7-project-cpu' and extra != 'extra-7-project-cu124') or (extra == 'extra-7-project-cpu' and extra == 'extra-7-project-cu124')" },
]
sdist = { url = "https://files.pythonhosted.org/packages/a3/73/199a98fc2dae33535d6b8e8e6ec01f8c1d76c9adb096c6b7d64823038cde/anyio-4.8.0.tar.gz", hash = "sha256:1d9fe889df5212298c0c0723fa20479d1b94883a2df44bd3897aa91083316f7a", size = 181126 }
wheels = [
    { url = "https://files.pythonhosted.org/packages/46/eb/e7f063ad1fec6b3178a3cd82d1a3c4de82cccf283fc42746168188e1cdd5/anyio-4.8.0-py3-none-any.whl", hash = "sha256:b5011f270ab5eb0abf13385f851315585cc37ef330dd88e27ec3d34d651fd47a", size = 96041 },
]

[[package]]
name = "async-generator"
version = "1.10"
source = { registry = "https://pypi.org/simple" }
sdist = { url = "https://files.pythonhosted.org/packages/ce/b6/6fa6b3b598a03cba5e80f829e0dadbb49d7645f523d209b2fb7ea0bbb02a/async_generator-1.10.tar.gz", hash = "sha256:6ebb3d106c12920aaae42ccb6f787ef5eefdcdd166ea3d628fa8476abe712144", size = 29870 }
wheels = [
    { url = "https://files.pythonhosted.org/packages/71/52/39d20e03abd0ac9159c162ec24b93fbcaa111e8400308f2465432495ca2b/async_generator-1.10-py3-none-any.whl", hash = "sha256:01c7bf666359b4967d2cda0000cc2e4af16a0ae098cbffcb8472fb9e8ad6585b", size = 18857 },
]

[[package]]
name = "idna"
version = "1.0"
source = { registry = "https://pypi.org/simple" }
sdist = { url = "https://files.pythonhosted.org/packages/c4/93/a80bccdee90d97b113b76e2f0ba8e3260034bd0e55cea3ccb66098e710d8/idna-1.0.tar.gz", hash = "sha256:c31140a69ecae014d65e936e9a45d8a66e2ee29f5abbc656f69c705ad2f1507d", size = 99754 }

[[package]]
name = "idna"
version = "3.10"
source = { registry = "https://pypi.org/simple" }
sdist = { url = "https://files.pythonhosted.org/packages/f1/70/7703c29685631f5a7590aa73f1f1d3fa9a380e654b86af429e0934a32f7d/idna-3.10.tar.gz", hash = "sha256:12f65c9b470abda6dc35cf8e63cc574b1c52b11df2c86030af0ac09b01b13ea9", size = 190490 }
wheels = [
    { url = "https://files.pythonhosted.org/packages/76/c6/c88e154df9c4e1a2a66ccf0005a88dfb2650c1dffb6f5ce603dfbd452ce3/idna-3.10-py3-none-any.whl", hash = "sha256:946d195a0d259cbba61165e88e65941f16e9b36ea6ddb97f00452bae8b1287d3", size = 70442 },
]

[[package]]
name = "project"
version = "0.1.0"
source = { virtual = "." }
dependencies = [
    { name = "anyio", version = "1.3.1", source = { registry = "https://pypi.org/simple" }, marker = "extra == 'extra-7-project-cpu' or extra == 'extra-7-project-cu124'" },
    { name = "anyio", version = "4.8.0", source = { registry = "https://pypi.org/simple" }, marker = "(extra == 'extra-7-project-cpu' and extra == 'extra-7-project-cu124') or (extra != 'extra-7-project-cpu' and extra != 'extra-7-project-cu124')" },
]

[package.optional-dependencies]
cpu = [
    { name = "idna", version = "1.0", source = { registry = "https://pypi.org/simple" } },
]
cu124 = [
    { name = "idna", version = "1.0", source = { registry = "https://pypi.org/simple" } },
]

[package.metadata]
requires-dist = [
    { name = "anyio" },
    { name = "idna", marker = "extra == 'cpu'", specifier = "<=1" },
    { name = "idna", marker = "extra == 'cu124'", specifier = "<=2" },
]
provides-extras = ["cpu", "cu124"]

[[package]]
name = "sniffio"
version = "1.3.1"
source = { registry = "https://pypi.org/simple" }
sdist = { url = "https://files.pythonhosted.org/packages/a2/87/a6771e1546d97e7e041b6ae58d80074f81b7d5121207425c964ddf5cfdbd/sniffio-1.3.1.tar.gz", hash = "sha256:f4324edc670a0f49750a81b895f35c3adb843cca46f0530f79fc1babb23789dc", size = 20372 }
wheels = [
    { url = "https://files.pythonhosted.org/packages/e9/44/75a9c9421471a6c4805dbf2356f7c181a29c1879239abab1ea2cc8f38b40/sniffio-1.3.1-py3-none-any.whl", hash = "sha256:2f6da418d1f1e0fddd844478f41680e794e6051915791a034ff65e5f100525a2", size = 10235 },
]

[[package]]
name = "typing-extensions"
version = "4.12.2"
source = { registry = "https://pypi.org/simple" }
sdist = { url = "https://files.pythonhosted.org/packages/df/db/f35a00659bc03fec321ba8bce9420de607a1d37f8342eee1863174c69557/typing_extensions-4.12.2.tar.gz", hash = "sha256:1a7ead55c7e559dd4dee8856e3a88b41225abfe1ce8df57b7c13915fe121ffb8", size = 85321 }
wheels = [
    { url = "https://files.pythonhosted.org/packages/26/9f/ad63fc0248c5379346306f8668cda6e2e2e9c95e01216d2b8ffd9ff037d0/typing_extensions-4.12.2-py3-none-any.whl", hash = "sha256:04e5ca0351e0f3f85c6853954072df659d0d13fac324d0072316b67d7794700d", size = 37438 },
]
