version = 1
revision = 3
requires-python = ">=3.14"

[options]
exclude-newer = "0001-01-01T00:00:00Z" # This has no effect and is included for backwards compatibility when using relative exclude-newer values.
exclude-newer-span = "P7D"

[options.exclude-newer-package]
astral-dev-toolchain-cargo-shear = "2026-08-27T04:00:00Z"

[manifest]
requirements = [{ name = "blake3", specifier = ">=1.0.9" }]

[[package]]
name = "blake3"
version = "1.0.9"
source = { registry = "https://pypi.org/simple" }
sdist = { url = "https://files.pythonhosted.org/packages/26/6a/4cc5a9dd40fd8a6d283fd3761e5f59c490109571ef8e3c73245417e5a305/blake3-1.0.9.tar.gz", hash = "sha256:5fa374fa5070ca084368776c19b420157eb0f2d3f091343d6bc59189929d62e2", size = 116872, upload-time = "2026-06-22T18:02:25.366Z" }
wheels = [
    { url = "https://files.pythonhosted.org/packages/2e/4b/b2dd7c25378a3b5de30ed908d38e6427bc4c644c0c12e8359361abd3a9ca/blake3-1.0.9-cp314-cp314-macosx_10_12_x86_64.whl", hash = "sha256:ab0c030cf6644c30e786b0e785bde4e4596013ae9ea6ce9877e39d52383e25d7", size = 345406, upload-time = "2026-06-22T18:01:10.311Z" },
    { url = "https://files.pythonhosted.org/packages/c6/dc/c0dab2963ddf04a4a938363f61716f9b75de6d3a9bc4a89e78f0854d4d31/blake3-1.0.9-cp314-cp314-macosx_11_0_arm64.whl", hash = "sha256:83b4a2336105af3800f7e17ac4b943f293a3927a2d66a6308d50dba944a6953e", size = 330077, upload-time = "2026-06-22T18:01:11.926Z" },
    { url = "https://files.pythonhosted.org/packages/20/f1/d03950a86d105a6332a8c422cb87658a7d247e214f1ea8f29ed09ff04e00/blake3-1.0.9-cp314-cp314-manylinux_2_17_aarch64.manylinux2014_aarch64.whl", hash = "sha256:95fc3545f80901b0dcd0508d16bc40f15ae39556709fa6cf86675f742d4f3c9c", size = 375147, upload-time = "2026-06-22T18:01:13.198Z" },
    { url = "https://files.pythonhosted.org/packages/10/75/711b1842e0a90aaad6a1c9a9022e90aa16206ac1f224516118bc24482532/blake3-1.0.9-cp314-cp314-manylinux_2_17_armv7l.manylinux2014_armv7l.whl", hash = "sha256:1bd981dc318c05375c3160a99df493b7cc4c83fffa1a34d14b18a071b47b262b", size = 373711, upload-time = "2026-06-22T18:01:14.606Z" },
    { url = "https://files.pythonhosted.org/packages/9e/a0/f512799d1d0c0b4718fa6f0e99ccbe108e98bac7bf82c200803a62b57876/blake3-1.0.9-cp314-cp314-manylinux_2_17_i686.manylinux2014_i686.whl", hash = "sha256:689a7e4069de681d9c5d9445b8b6473ee880ad04d7960a6789c60bd788980250", size = 446993, upload-time = "2026-06-22T18:01:15.924Z" },
    { url = "https://files.pythonhosted.org/packages/60/fb/6636ae8a46fc3352694188f5a5a325567782bc88fd1823b0b67be2c92184/blake3-1.0.9-cp314-cp314-manylinux_2_17_ppc64le.manylinux2014_ppc64le.whl", hash = "sha256:8adb0b0032e53919ee95b3d4f911448d3268316c28cd7df232ff2a1e7c9a4ba4", size = 488478, upload-time = "2026-06-22T18:01:17.271Z" },
    { url = "https://files.pythonhosted.org/packages/1e/c5/a2b3c086f7e37c9db6017dc2890a76ad2a729e4a554896e855e511811e6b/blake3-1.0.9-cp314-cp314-manylinux_2_17_s390x.manylinux2014_s390x.whl", hash = "sha256:32bd4521ec2d477627ad93eb70f9ac4d01e12d1489024159bcaeff79466332f6", size = 384900, upload-time = "2026-06-22T18:01:18.802Z" },
    { url = "https://files.pythonhosted.org/packages/e1/b8/1298806dd6c464a6f807df24c9640ad3bf27ee54ff4de82b2b5a823a8aba/blake3-1.0.9-cp314-cp314-manylinux_2_17_x86_64.manylinux2014_x86_64.whl", hash = "sha256:f65d77eb05331495485048f6804f53885b192b998acb7e6fe1487d941bf08435", size = 384333, upload-time = "2026-06-22T18:01:20.35Z" },
    { url = "https://files.pythonhosted.org/packages/3c/cc/0c29d9404155adfd6db716e9765d36ea6cbed287060759f5d764f0d9d99e/blake3-1.0.9-cp314-cp314-manylinux_2_31_riscv64.whl", hash = "sha256:ca7dfe8fb197ff8a3f5c915424183ccd52a99e8afb12680f51b2e1f4c9c6c97f", size = 381142, upload-time = "2026-06-22T18:01:21.744Z" },
    { url = "https://files.pythonhosted.org/packages/d6/91/9af20d563f0ced71e08a60fc0ee534146da4e265710ed6792d5d799f4c0f/blake3-1.0.9-cp314-cp314-musllinux_1_1_aarch64.whl", hash = "sha256:f5c9d57f0dcb92243b6ae575c3065793edc9df9008d0ebd98d8245cdeb7c3f84", size = 550587, upload-time = "2026-06-22T18:01:23.381Z" },
    { url = "https://files.pythonhosted.org/packages/d0/fa/06f46fc0aa486b799d776f9a80ed0b3605e2be1570cf48007860948aa5d9/blake3-1.0.9-cp314-cp314-musllinux_1_1_x86_64.whl", hash = "sha256:172d44245a19dfec08ab771c1b7a506b97783163cdc65f559fe020007e403c99", size = 591888, upload-time = "2026-06-22T18:01:24.805Z" },
    { url = "https://files.pythonhosted.org/packages/50/68/d6198f4069a7c4a184ed854df45b82cc3e2d4b0be476b2a3ee65ad2344cf/blake3-1.0.9-cp314-cp314-win32.whl", hash = "sha256:249e5964fa9e768924bc7cc3d4efe75a425bb5dd3fb7671c3eda8eeddfa50591", size = 229410, upload-time = "2026-06-22T18:01:26.24Z" },
    { url = "https://files.pythonhosted.org/packages/63/ab/f29af72a8312b3827b50e55491f1bf9ae2347591de5c47365c5cbd2525a9/blake3-1.0.9-cp314-cp314-win_amd64.whl", hash = "sha256:0aba416bb2e3ef0c65e74d5eba21062483c714cd78e7e303c9d03c547fc7d015", size = 218526, upload-time = "2026-06-22T18:01:27.779Z" },
    { url = "https://files.pythonhosted.org/packages/47/7e/d932fe437ccf656cfba77abc466fb3d1a0ce3c31df92e760d9e4c34932b4/blake3-1.0.9-cp314-cp314t-macosx_10_12_x86_64.whl", hash = "sha256:5b35abe24a66a7b3db423eb4f8668ed7be1a362aa9c0024ab6483ec0b2c16058", size = 345049, upload-time = "2026-06-22T18:01:29.228Z" },
    { url = "https://files.pythonhosted.org/packages/55/1e/d92fb284fcacf86f5d1083e29d0a8c834b60432786928915238d9760f514/blake3-1.0.9-cp314-cp314t-macosx_11_0_arm64.whl", hash = "sha256:1bbdff61e049297ef3180867ce1f079cea7e5b372fd76953c3183da5b8124206", size = 329367, upload-time = "2026-06-22T18:01:30.566Z" },
    { url = "https://files.pythonhosted.org/packages/9d/da/e25fa75d5bfea4527fc21024dde86a9376db798e469a084741968299f215/blake3-1.0.9-cp314-cp314t-manylinux_2_17_aarch64.manylinux2014_aarch64.whl", hash = "sha256:09a69fcedf06785bb81d4d3d39f95ee65dbaf2cb246e174cfc9ff64d027f7551", size = 374203, upload-time = "2026-06-22T18:01:31.998Z" },
    { url = "https://files.pythonhosted.org/packages/4f/4d/0224916202b773dfdf08dcbe4ed1ad1018d4ddcd4df7a7e2978d28f89b74/blake3-1.0.9-cp314-cp314t-manylinux_2_17_armv7l.manylinux2014_armv7l.whl", hash = "sha256:b5d5bf0f68cd77108a942c95db98e960d9c3d5643b95172f783822ce22667759", size = 373713, upload-time = "2026-06-22T18:01:33.387Z" },
    { url = "https://files.pythonhosted.org/packages/b8/e5/4ba968831b7afaec431c588c826cef76a96d6d6976188ed07d932072e673/blake3-1.0.9-cp314-cp314t-manylinux_2_17_i686.manylinux2014_i686.whl", hash = "sha256:9767f16199b99aa022b61ff825ac4dbd39864bf637ae712605a2ce1f8b6a55e0", size = 446574, upload-time = "2026-06-22T18:01:34.687Z" },
    { url = "https://files.pythonhosted.org/packages/ac/f5/08a9099c7177f282d2563abe4f7cc626c636642f7979cf58f2ab7ded2096/blake3-1.0.9-cp314-cp314t-manylinux_2_17_ppc64le.manylinux2014_ppc64le.whl", hash = "sha256:4865a8cfb2b3d7c0baf5267f2fa6816a3384e836cd1bd0caf359f406cb1e8fba", size = 487232, upload-time = "2026-06-22T18:01:36.131Z" },
    { url = "https://files.pythonhosted.org/packages/76/16/9392bf1ebc81b5b09ce58b94613fa2d37308e825ff2dc7b54d00ee622c77/blake3-1.0.9-cp314-cp314t-manylinux_2_17_s390x.manylinux2014_s390x.whl", hash = "sha256:42609e4adc4b2d7423137f2cb35135bca598b925c5af09d2bc0a2c368b25aeb1", size = 384751, upload-time = "2026-06-22T18:01:37.512Z" },
    { url = "https://files.pythonhosted.org/packages/84/fc/b6e9aef02ca14ef62fa47783b9eeeb5b2d3f73fdf698d8bb94c36f5dd69f/blake3-1.0.9-cp314-cp314t-manylinux_2_17_x86_64.manylinux2014_x86_64.whl", hash = "sha256:c7f648fa425138452d1e585ac625c7aefddb946d9765906c4c12d564a1523cd8", size = 384546, upload-time = "2026-06-22T18:01:38.868Z" },
    { url = "https://files.pythonhosted.org/packages/ff/cb/452e92dba9402b36a953aa8b9b06253445ccce43dcd0bcf521c5e3c3e15d/blake3-1.0.9-cp314-cp314t-manylinux_2_31_riscv64.whl", hash = "sha256:9cef6d4d07a7de0c44f5ba17f6383d55276d9efc8d601f75113538fcaa35008b", size = 380596, upload-time = "2026-06-22T18:01:40.412Z" },
    { url = "https://files.pythonhosted.org/packages/b2/01/7a84a7e10c5d14e6ed8a4403bd7f64c1e01f8ebabea0d6fe5f093b894cbd/blake3-1.0.9-cp314-cp314t-musllinux_1_1_aarch64.whl", hash = "sha256:28404301de485e9546365d01b30f65eaa835520c4211d6ef61242975b6722b60", size = 550032, upload-time = "2026-06-22T18:01:41.955Z" },
    { url = "https://files.pythonhosted.org/packages/58/7d/7aea0222f59cf84044ec52e2bfdaa0e3c355d221292b0ea1b722cf1edd6c/blake3-1.0.9-cp314-cp314t-musllinux_1_1_x86_64.whl", hash = "sha256:8a99f896e7718050ed033a888245098aab3d6a5338f91cc9450c563b53f90ad5", size = 592244, upload-time = "2026-06-22T18:01:43.426Z" },
    { url = "https://files.pythonhosted.org/packages/c0/e5/b44c230108745ff9c70c7bbafe22563772bc0c22322a8d15c10455f6ca02/blake3-1.0.9-cp314-cp314t-win32.whl", hash = "sha256:021309d760b390706fecf13498f9a25aa8f689bbb65a0896029b8fa223aae18b", size = 229481, upload-time = "2026-06-22T18:01:45.307Z" },
    { url = "https://files.pythonhosted.org/packages/ec/a6/ac03f37dc9aeebf398d42089720648b3bc8438e733d3e522196c5d12ab39/blake3-1.0.9-cp314-cp314t-win_amd64.whl", hash = "sha256:5ea0c60dd9c1e3d05610606579e4bf80f562854c46ed55f9ee8545e18987a480", size = 217979, upload-time = "2026-06-22T18:01:46.629Z" },
]
